
Microsoft Visual Studio Solution File, Format Version 12.00
# Visual Studio Version 17
VisualStudioVersion = 17.0.31903.59
MinimumVisualStudioVersion = 10.0.40219.1
Project("{FAE04EC0-301F-11D3-BF4B-00C04F79EFBC}") = "SentinelBackend.Api", "SentinelBackend.Api\SentinelBackend.Api.csproj", "{95BADD58-71DE-462F-AFAF-DA88287EFE49}"
EndProject
Project("{FAE04EC0-301F-11D3-BF4B-00C04F79EFBC}") = "SentinelBackend.Ingestion", "SentinelBackend.Ingestion\SentinelBackend.Ingestion.csproj", "{D7BAB4A1-62B6-4C42-AA5D-E8EBB916573F}"
EndProject
Project("{FAE04EC0-301F-11D3-BF4B-00C04F79EFBC}") = "SentinelBackend.Domain", "SentinelBackend.Domain\SentinelBackend.Domain.csproj", "{A60821C6-E8F1-4FBE-9464-71D916F8265F}"
EndProject
Project("{FAE04EC0-301F-11D3-BF4B-00C04F79EFBC}") = "SentinelBackend.Application", "SentinelBackend.Application\SentinelBackend.Application.csproj", "{68BCBD97-5D3B-49AC-964A-7CBD435B8CC5}"
EndProject
Project("{FAE04EC0-301F-11D3-BF4B-00C04F79EFBC}") = "SentinelBackend.Infrastructure", "SentinelBackend.Infrastructure\SentinelBackend.Infrastructure.csproj", "{47F9689D-0E88-4707-AC66-F72062CC5DC2}"
EndProject
Project("{FAE04EC0-301F-11D3-BF4B-00C04F79EFBC}") = "SentinelBackend.Contracts", "SentinelBackend.Contracts\SentinelBackend.Contracts.csproj", "{829D8626-AE74-40A4-82CB-8227FFB91389}"
EndProject
Project("{2150E333-8FDC-42A3-9474-1A3956D46DE8}") = "tests", "tests", "{0AB3BF05-4346-4AA6-1389-037BE0695223}"
EndProject
Project("{FAE04EC0-301F-11D3-BF4B-00C04F79EFBC}") = "SentinelBackend.Api.Tests", "tests\SentinelBackend.Api.Tests\SentinelBackend.Api.Tests.csproj", "{71EE3544-FE82-4BB6-9418-082A093E3E5C}"
EndProject
Project("{FAE04EC0-301F-11D3-BF4B-00C04F79EFBC}") = "SentinelBackend.Ingestion.Tests", "tests\SentinelBackend.Ingestion.Tests\SentinelBackend.Ingestion.Tests.csproj", "{7FCCB702-8347-43FF-80F1-AD0FF2A61406}"
EndProject
Project("{FAE04EC0-301F-11D3-BF4B-00C04F79EFBC}") = "SentinelBackend.Tests.Shared", "tests\SentinelBackend.Tests.Shared\SentinelBackend.Tests.Shared.csproj", "{714DF4A2-60AB-41BD-BC99-693A4667F68B}"
EndProject
Project("{FAE04EC0-301F-11D3-BF4B-00C04F79EFBC}") = "SentinelBackend.Simulator", "SentinelBackend.Simulator\SentinelBackend.Simulator.csproj", "{86397D8D-68D2-4965-9760-DFAC6CC76593}"
EndProject
Project("{FAE04EC0-301F-11D3-BF4B-00C04F79EFBC}") = "SentinelBackend.IntegrationTests", "tests\SentinelBackend.IntegrationTests\SentinelBackend.IntegrationTests.csproj", "{4879906D-F349-433B-B5F9-494B61A89231}"
EndProject
Global
	GlobalSection(SolutionConfigurationPlatforms) = preSolution
		Debug|Any CPU = Debug|Any CPU
		Debug|x64 = Debug|x64
		Debug|x86 = Debug|x86
		Release|Any CPU = Release|Any CPU
		Release|x64 = Release|x64
		Release|x86 = Release|x86
	EndGlobalSection
	GlobalSection(ProjectConfigurationPlatforms) = postSolution
		{95BADD58-71DE-462F-AFAF-DA88287EFE49}.Debug|Any CPU.ActiveCfg = Debug|Any CPU
		{95BADD58-71DE-462F-AFAF-DA88287EFE49}.Debug|Any CPU.Build.0 = Debug|Any CPU
		{95BADD58-71DE-462F-AFAF-DA88287EFE49}.Debug|x64.ActiveCfg = Debug|Any CPU
		{95BADD58-71DE-462F-AFAF-DA88287EFE49}.Debug|x64.Build.0 = Debug|Any CPU
		{95BADD58-71DE-462F-AFAF-DA88287EFE49}.Debug|x86.ActiveCfg = Debug|Any CPU
		{95BADD58-71DE-462F-AFAF-DA88287EFE49}.Debug|x86.Build.0 = Debug|Any CPU
		{95BADD58-71DE-462F-AFAF-DA88287EFE49}.Release|Any CPU.ActiveCfg = Release|Any CPU
		{95BADD58-71DE-462F-AFAF-DA88287EFE49}.Release|Any CPU.Build.0 = Release|Any CPU
		{95BADD58-71DE-462F-AFAF-DA88287EFE49}.Release|x64.ActiveCfg = Release|Any CPU
		{95BADD58-71DE-462F-AFAF-DA88287EFE49}.Release|x64.Build.0 = Release|Any CPU
		{95BADD58-71DE-462F-AFAF-DA88287EFE49}.Release|x86.ActiveCfg = Release|Any CPU
		{95BADD58-71DE-462F-AFAF-DA88287EFE49}.Release|x86.Build.0 = Release|Any CPU
		{D7BAB4A1-62B6-4C42-AA5D-E8EBB916573F}.Debug|Any CPU.ActiveCfg = Debug|Any CPU
		{D7BAB4A1-62B6-4C42-AA5D-E8EBB916573F}.Debug|Any CPU.Build.0 = Debug|Any CPU
		{D7BAB4A1-62B6-4C42-AA5D-E8EBB916573F}.Debug|x64.ActiveCfg = Debug|Any CPU
		{D7BAB4A1-62B6-4C42-AA5D-E8EBB916573F}.Debug|x64.Build.0 = Debug|Any CPU
		{D7BAB4A1-62B6-4C42-AA5D-E8EBB916573F}.Debug|x86.ActiveCfg = Debug|Any CPU
		{D7BAB4A1-62B6-4C42-AA5D-E8EBB916573F}.Debug|x86.Build.0 = Debug|Any CPU
		{D7BAB4A1-62B6-4C42-AA5D-E8EBB916573F}.Release|Any CPU.ActiveCfg = Release|Any CPU
		{D7BAB4A1-62B6-4C42-AA5D-E8EBB916573F}.Release|Any CPU.Build.0 = Release|Any CPU
		{D7BAB4A1-62B6-4C42-AA5D-E8EBB916573F}.Release|x64.ActiveCfg = Release|Any CPU
		{D7BAB4A1-62B6-4C42-AA5D-E8EBB916573F}.Release|x64.Build.0 = Release|Any CPU
		{D7BAB4A1-62B6-4C42-AA5D-E8EBB916573F}.Release|x86.ActiveCfg = Release|Any CPU
		{D7BAB4A1-62B6-4C42-AA5D-E8EBB916573F}.Release|x86.Build.0 = Release|Any CPU
		{A60821C6-E8F1-4FBE-9464-71D916F8265F}.Debug|Any CPU.ActiveCfg = Debug|Any CPU
		{A60821C6-E8F1-4FBE-9464-71D916F8265F}.Debug|Any CPU.Build.0 = Debug|Any CPU
		{A60821C6-E8F1-4FBE-9464-71D916F8265F}.Debug|x64.ActiveCfg = Debug|Any CPU
		{A60821C6-E8F1-4FBE-9464-71D916F8265F}.Debug|x64.Build.0 = Debug|Any CPU
		{A60821C6-E8F1-4FBE-9464-71D916F8265F}.Debug|x86.ActiveCfg = Debug|Any CPU
		{A60821C6-E8F1-4FBE-9464-71D916F8265F}.Debug|x86.Build.0 = Debug|Any CPU
		{A60821C6-E8F1-4FBE-9464-71D916F8265F}.Release|Any CPU.ActiveCfg = Release|Any CPU
		{A60821C6-E8F1-4FBE-9464-71D916F8265F}.Release|Any CPU.Build.0 = Release|Any CPU
		{A60821C6-E8F1-4FBE-9464-71D916F8265F}.Release|x64.ActiveCfg = Release|Any CPU
		{A60821C6-E8F1-4FBE-9464-71D916F8265F}.Release|x64.Build.0 = Release|Any CPU
		{A60821C6-E8F1-4FBE-9464-71D916F8265F}.Release|x86.ActiveCfg = Release|Any CPU
		{A60821C6-E8F1-4FBE-9464-71D916F8265F}.Release|x86.Build.0 = Release|Any CPU
		{68BCBD97-5D3B-49AC-964A-7CBD435B8CC5}.Debug|Any CPU.ActiveCfg = Debug|Any CPU
		{68BCBD97-5D3B-49AC-964A-7CBD435B8CC5}.Debug|Any CPU.Build.0 = Debug|Any CPU
		{68BCBD97-5D3B-49AC-964A-7CBD435B8CC5}.Debug|x64.ActiveCfg = Debug|Any CPU
		{68BCBD97-5D3B-49AC-964A-7CBD435B8CC5}.Debug|x64.Build.0 = Debug|Any CPU
		{68BCBD97-5D3B-49AC-964A-7CBD435B8CC5}.Debug|x86.ActiveCfg = Debug|Any CPU
		{68BCBD97-5D3B-49AC-964A-7CBD435B8CC5}.Debug|x86.Build.0 = Debug|Any CPU
		{68BCBD97-5D3B-49AC-964A-7CBD435B8CC5}.Release|Any CPU.ActiveCfg = Release|Any CPU
		{68BCBD97-5D3B-49AC-964A-7CBD435B8CC5}.Release|Any CPU.Build.0 = Release|Any CPU
		{68BCBD97-5D3B-49AC-964A-7CBD435B8CC5}.Release|x64.ActiveCfg = Release|Any CPU
		{68BCBD97-5D3B-49AC-964A-7CBD435B8CC5}.Release|x64.Build.0 = Release|Any CPU
		{68BCBD97-5D3B-49AC-964A-7CBD435B8CC5}.Release|x86.ActiveCfg = Release|Any CPU
		{68BCBD97-5D3B-49AC-964A-7CBD435B8CC5}.Release|x86.Build.0 = Release|Any CPU
		{47F9689D-0E88-4707-AC66-F72062CC5DC2}.Debug|Any CPU.ActiveCfg = Debug|Any CPU
		{47F9689D-0E88-4707-AC66-F72062CC5DC2}.Debug|Any CPU.Build.0 = Debug|Any CPU
		{47F9689D-0E88-4707-AC66-F72062CC5DC2}.Debug|x64.ActiveCfg = Debug|Any CPU
		{47F9689D-0E88-4707-AC66-F72062CC5DC2}.Debug|x64.Build.0 = Debug|Any CPU
		{47F9689D-0E88-4707-AC66-F72062CC5DC2}.Debug|x86.ActiveCfg = Debug|Any CPU
		{47F9689D-0E88-4707-AC66-F72062CC5DC2}.Debug|x86.Build.0 = Debug|Any CPU
		{47F9689D-0E88-4707-AC66-F72062CC5DC2}.Release|Any CPU.ActiveCfg = Release|Any CPU
		{47F9689D-0E88-4707-AC66-F72062CC5DC2}.Release|Any CPU.Build.0 = Release|Any CPU
		{47F9689D-0E88-4707-AC66-F72062CC5DC2}.Release|x64.ActiveCfg = Release|Any CPU
		{47F9689D-0E88-4707-AC66-F72062CC5DC2}.Release|x64.Build.0 = Release|Any CPU
		{47F9689D-0E88-4707-AC66-F72062CC5DC2}.Release|x86.ActiveCfg = Release|Any CPU
		{47F9689D-0E88-4707-AC66-F72062CC5DC2}.Release|x86.Build.0 = Release|Any CPU
		{829D8626-AE74-40A4-82CB-8227FFB91389}.Debug|Any CPU.ActiveCfg = Debug|Any CPU
		{829D8626-AE74-40A4-82CB-8227FFB91389}.Debug|Any CPU.Build.0 = Debug|Any CPU
		{829D8626-AE74-40A4-82CB-8227FFB91389}.Debug|x64.ActiveCfg = Debug|Any CPU
		{829D8626-AE74-40A4-82CB-8227FFB91389}.Debug|x64.Build.0 = Debug|Any CPU
		{829D8626-AE74-40A4-82CB-8227FFB91389}.Debug|x86.ActiveCfg = Debug|Any CPU
		{829D8626-AE74-40A4-82CB-8227FFB91389}.Debug|x86.Build.0 = Debug|Any CPU
		{829D8626-AE74-40A4-82CB-8227FFB91389}.Release|Any CPU.ActiveCfg = Release|Any CPU
		{829D8626-AE74-40A4-82CB-8227FFB91389}.Release|Any CPU.Build.0 = Release|Any CPU
		{829D8626-AE74-40A4-82CB-8227FFB91389}.Release|x64.ActiveCfg = Release|Any CPU
		{829D8626-AE74-40A4-82CB-8227FFB91389}.Release|x64.Build.0 = Release|Any CPU
		{829D8626-AE74-40A4-82CB-8227FFB91389}.Release|x86.ActiveCfg = Release|Any CPU
		{829D8626-AE74-40A4-82CB-8227FFB91389}.Release|x86.Build.0 = Release|Any CPU
		{71EE3544-FE82-4BB6-9418-082A093E3E5C}.Debug|Any CPU.ActiveCfg = Debug|Any CPU
		{71EE3544-FE82-4BB6-9418-082A093E3E5C}.Debug|Any CPU.Build.0 = Debug|Any CPU
		{71EE3544-FE82-4BB6-9418-082A093E3E5C}.Debug|x64.ActiveCfg = Debug|Any CPU
		{71EE3544-FE82-4BB6-9418-082A093E3E5C}.Debug|x64.Build.0 = Debug|Any CPU
		{71EE3544-FE82-4BB6-9418-082A093E3E5C}.Debug|x86.ActiveCfg = Debug|Any CPU
		{71EE3544-FE82-4BB6-9418-082A093E3E5C}.Debug|x86.Build.0 = Debug|Any CPU
		{71EE3544-FE82-4BB6-9418-082A093E3E5C}.Release|Any CPU.ActiveCfg = Release|Any CPU
		{71EE3544-FE82-4BB6-9418-082A093E3E5C}.Release|Any CPU.Build.0 = Release|Any CPU
		{71EE3544-FE82-4BB6-9418-082A093E3E5C}.Release|x64.ActiveCfg = Release|Any CPU
		{71EE3544-FE82-4BB6-9418-082A093E3E5C}.Release|x64.Build.0 = Release|Any CPU
		{71EE3544-FE82-4BB6-9418-082A093E3E5C}.Release|x86.ActiveCfg = Release|Any CPU
		{71EE3544-FE82-4BB6-9418-082A093E3E5C}.Release|x86.Build.0 = Release|Any CPU
		{7FCCB702-8347-43FF-80F1-AD0FF2A61406}.Debug|Any CPU.ActiveCfg = Debug|Any CPU
		{7FCCB702-8347-43FF-80F1-AD0FF2A61406}.Debug|Any CPU.Build.0 = Debug|Any CPU
		{7FCCB702-8347-43FF-80F1-AD0FF2A61406}.Debug|x64.ActiveCfg = Debug|Any CPU
		{7FCCB702-8347-43FF-80F1-AD0FF2A61406}.Debug|x64.Build.0 = Debug|Any CPU
		{7FCCB702-8347-43FF-80F1-AD0FF2A61406}.Debug|x86.ActiveCfg = Debug|Any CPU
		{7FCCB702-8347-43FF-80F1-AD0FF2A61406}.Debug|x86.Build.0 = Debug|Any CPU
		{7FCCB702-8347-43FF-80F1-AD0FF2A61406}.Release|Any CPU.ActiveCfg = Release|Any CPU
		{7FCCB702-8347-43FF-80F1-AD0FF2A61406}.Release|Any CPU.Build.0 = Release|Any CPU
		{7FCCB702-8347-43FF-80F1-AD0FF2A61406}.Release|x64.ActiveCfg = Release|Any CPU
		{7FCCB702-8347-43FF-80F1-AD0FF2A61406}.Release|x64.Build.0 = Release|Any CPU
		{7FCCB702-8347-43FF-80F1-AD0FF2A61406}.Release|x86.ActiveCfg = Release|Any CPU
		{7FCCB702-8347-43FF-80F1-AD0FF2A61406}.Release|x86.Build.0 = Release|Any CPU
		{714DF4A2-60AB-41BD-BC99-693A4667F68B}.Debug|Any CPU.ActiveCfg = Debug|Any CPU
		{714DF4A2-60AB-41BD-BC99-693A4667F68B}.Debug|Any CPU.Build.0 = Debug|Any CPU
		{714DF4A2-60AB-41BD-BC99-693A4667F68B}.Debug|x64.ActiveCfg = Debug|Any CPU
		{714DF4A2-60AB-41BD-BC99-693A4667F68B}.Debug|x64.Build.0 = Debug|Any CPU
		{714DF4A2-60AB-41BD-BC99-693A4667F68B}.Debug|x86.ActiveCfg = Debug|Any CPU
		{714DF4A2-60AB-41BD-BC99-693A4667F68B}.Debug|x86.Build.0 = Debug|Any CPU
		{714DF4A2-60AB-41BD-BC99-693A4667F68B}.Release|Any CPU.ActiveCfg = Release|Any CPU
		{714DF4A2-60AB-41BD-BC99-693A4667F68B}.Release|Any CPU.Build.0 = Release|Any CPU
		{714DF4A2-60AB-41BD-BC99-693A4667F68B}.Release|x64.ActiveCfg = Release|Any CPU
		{714DF4A2-60AB-41BD-BC99-693A4667F68B}.Release|x64.Build.0 = Release|Any CPU
		{714DF4A2-60AB-41BD-BC99-693A4667F68B}.Release|x86.ActiveCfg = Release|Any CPU
		{714DF4A2-60AB-41BD-BC99-693A4667F68B}.Release|x86.Build.0 = Release|Any CPU
		{86397D8D-68D2-4965-9760-DFAC6CC76593}.Debug|Any CPU.ActiveCfg = Debug|Any CPU
		{86397D8D-68D2-4965-9760-DFAC6CC76593}.Debug|Any CPU.Build.0 = Debug|Any CPU
		{86397D8D-68D2-4965-9760-DFAC6CC76593}.Debug|x64.ActiveCfg = Debug|Any CPU
		{86397D8D-68D2-4965-9760-DFAC6CC76593}.Debug|x64.Build.0 = Debug|Any CPU
		{86397D8D-68D2-4965-9760-DFAC6CC76593}.Debug|x86.ActiveCfg = Debug|Any CPU
		{86397D8D-68D2-4965-9760-DFAC6CC76593}.Debug|x86.Build.0 = Debug|Any CPU
		{86397D8D-68D2-4965-9760-DFAC6CC76593}.Release|Any CPU.ActiveCfg = Release|Any CPU
		{86397D8D-68D2-4965-9760-DFAC6CC76593}.Release|Any CPU.Build.0 = Release|Any CPU
		{86397D8D-68D2-4965-9760-DFAC6CC76593}.Release|x64.ActiveCfg = Release|Any CPU
		{86397D8D-68D2-4965-9760-DFAC6CC76593}.Release|x64.Build.0 = Release|Any CPU
		{86397D8D-68D2-4965-9760-DFAC6CC76593}.Release|x86.ActiveCfg = Release|Any CPU
		{86397D8D-68D2-4965-9760-DFAC6CC76593}.Release|x86.Build.0 = Release|Any CPU
		{4879906D-F349-433B-B5F9-494B61A89231}.Debug|Any CPU.ActiveCfg = Debug|Any CPU
		{4879906D-F349-433B-B5F9-494B61A89231}.Debug|Any CPU.Build.0 = Debug|Any CPU
		{4879906D-F349-433B-B5F9-494B61A89231}.Debug|x64.ActiveCfg = Debug|Any CPU
		{4879906D-F349-433B-B5F9-494B61A89231}.Debug|x64.Build.0 = Debug|Any CPU
		{4879906D-F349-433B-B5F9-494B61A89231}.Debug|x86.ActiveCfg = Debug|Any CPU
		{4879906D-F349-433B-B5F9-494B61A89231}.Debug|x86.Build.0 = Debug|Any CPU
		{4879906D-F349-433B-B5F9-494B61A89231}.Release|Any CPU.ActiveCfg = Release|Any CPU
		{4879906D-F349-433B-B5F9-494B61A89231}.Release|Any CPU.Build.0 = Release|Any CPU
		{4879906D-F349-433B-B5F9-494B61A89231}.Release|x64.ActiveCfg = Release|Any CPU
		{4879906D-F349-433B-B5F9-494B61A89231}.Release|x64.Build.0 = Release|Any CPU
		{4879906D-F349-433B-B5F9-494B61A89231}.Release|x86.ActiveCfg = Release|Any CPU
		{4879906D-F349-433B-B5F9-494B61A89231}.Release|x86.Build.0 = Release|Any CPU
	EndGlobalSection
	GlobalSection(SolutionProperties) = preSolution
		HideSolutionNode = FALSE
	EndGlobalSection
	GlobalSection(NestedProjects) = preSolution
		{71EE3544-FE82-4BB6-9418-082A093E3E5C} = {0AB3BF05-4346-4AA6-1389-037BE0695223}
		{7FCCB702-8347-43FF-80F1-AD0FF2A61406} = {0AB3BF05-4346-4AA6-1389-037BE0695223}
		{714DF4A2-60AB-41BD-BC99-693A4667F68B} = {0AB3BF05-4346-4AA6-1389-037BE0695223}
		{4879906D-F349-433B-B5F9-494B61A89231} = {0AB3BF05-4346-4AA6-1389-037BE0695223}
	EndGlobalSection
EndGlobal
